
Microsoft Visual Studio Solution File, Format Version 12.00
# Visual Studio Version 17
VisualStudioVersion = 17.3.32922.545
MinimumVisualStudioVersion = 10.0.40219.1
Project("{FAE04EC0-301F-11D3-BF4B-00C04F79EFBC}") = "Client", "Client\Client.csproj", "{60B55052-C70B-435D-B909-2C771A4F98C2}"
EndProject
Project("{FAE04EC0-301F-11D3-BF4B-00C04F79EFBC}") = "Server", "Server\Server.csproj", "{32D9F13D-F843-47C4-AE7E-DA74AD5E8194}"
EndProject
Project("{FAE04EC0-301F-11D3-BF4B-00C04F79EFBC}") = "Common", "Common\Common.csproj", "{E51D62A8-1FCE-41AA-BBD1-890DC94A21B2}"
EndProject
Global
	GlobalSection(SolutionConfigurationPlatforms) = preSolution
		Debug|Any CPU = Debug|Any CPU
		Release|Any CPU = Release|Any CPU
	EndGlobalSection
	GlobalSection(ProjectConfigurationPlatforms) = postSolution
		{60B55052-C70B-435D-B909-2C771A4F98C2}.Debug|Any CPU.ActiveCfg = Debug|Any CPU
		{60B55052-C70B-435D-B909-2C771A4F98C2}.Debug|Any CPU.Build.0 = Debug|Any CPU
		{60B55052-C70B-435D-B909-2C771A4F98C2}.Release|Any CPU.ActiveCfg = Release|Any CPU
		{60B55052-C70B-435D-B909-2C771A4F98C2}.Release|Any CPU.Build.0 = Release|Any CPU
		{32D9F13D-F843-47C4-AE7E-DA74AD5E8194}.Debug|Any CPU.ActiveCfg = Debug|Any CPU
		{32D9F13D-F843-47C4-AE7E-DA74AD5E8194}.Debug|Any CPU.Build.0 = Debug|Any CPU
		{32D9F13D-F843-47C4-AE7E-DA74AD5E8194}.Release|Any CPU.ActiveCfg = Release|Any CPU
		{32D9F13D-F843-47C4-AE7E-DA74AD5E8194}.Release|Any CPU.Build.0 = Release|Any CPU
		{E51D62A8-1FCE-41AA-BBD1-890DC94A21B2}.Debug|Any CPU.ActiveCfg = Debug|Any CPU
		{E51D62A8-1FCE-41AA-BBD1-890DC94A21B2}.Debug|Any CPU.Build.0 = Debug|Any CPU
		{E51D62A8-1FCE-41AA-BBD1-890DC94A21B2}.Release|Any CPU.ActiveCfg = Release|Any CPU
		{E51D62A8-1FCE-41AA-BBD1-890DC94A21B2}.Release|Any CPU.Build.0 = Release|Any CPU
	EndGlobalSection
	GlobalSection(SolutionProperties) = preSolution
		HideSolutionNode = FALSE
	EndGlobalSection
	GlobalSection(ExtensibilityGlobals) = postSolution
		SolutionGuid = {DD2FE1EB-607D-4197-BADF-0F7EC0D377B7}
	EndGlobalSection
EndGlobal
